dependencies:
- name: ambassador
  repository: https://www.getambassador.io
  version: 6.7.2
- name: oathkeeper
  repository: https://k8s.ory.sh/helm/charts
  version: 0.12.0
- name: postgresql
  repository: https://charts.bitnami.com/bitnami
  version: 10.4.6
- name: auth-service
  repository: file://../auth-service
  version: "1.0"
- name: rate-service
  repository: file://../rate-service
  version: "1.0"
- name: coordinator
  repository: file://../coordinator
  version: "1.0"
- name: contributor
  repository: file://../contributor
  version: "1.0"
- name: consumer
  repository: file://../consumer
  version: "1.0"
- name: policy
  repository: file://../policy
  version: "1.0"
digest: sha256:61cd5baee20eef3e7f4b6f4f968b446bb7af368e61dcabe34a6dbcb9b4486022
generated: "2021-06-15T14:55:24.829024+02:00"
