dependencies:
- name: ambassador
  repository: https://www.getambassador.io
  version: 6.7.2
- name: oathkeeper
  repository: https://k8s.ory.sh/helm/charts
  version: 0.12.0
- name: postgresql
  repository: https://charts.bitnami.com/bitnami
  version: 10.4.6
- name: auth-service
  repository: file://../auth-service
  version: "1.0"
- name: rate-service
  repository: file://../rate-service
  version: "1.0"
- name: bbk-mockup-api
  repository: file://../bit-broker-mockup
  version: "1.0"
- name: coordinator
  repository: file://../coordinator
  version: "1.0"
- name: contributor
  repository: file://../contributor
  version: "1.0"
- name: consumer
  repository: file://../consumer
  version: "1.0"
digest: sha256:83258f48e0232618ba9a7d013bcaa8480e6302a3388ed0bc0771f83714bd28ba
generated: "2021-05-25T11:35:11.723109+02:00"
