dependencies:
- name: emissary-ingress
  repository: https://app.getambassador.io
  version: 7.3.2
- name: oathkeeper
  repository: https://k8s.ory.sh/helm/charts
  version: 0.23.1
- name: postgresql
  repository: https://charts.bitnami.com/bitnami
  version: 10.16.2
- name: auth-service
  repository: file://../auth-service
  version: "1.0"
- name: rate-service
  repository: file://../rate-service
  version: "1.0"
- name: coordinator
  repository: file://../coordinator
  version: "1.0"
- name: contributor
  repository: file://../contributor
  version: "1.0"
- name: consumer
  repository: file://../consumer
  version: "1.0"
- name: portal
  repository: file://../portal
  version: "1.0"
digest: sha256:55aa87c72328072bfcc33ef9479f355d2be49a97d37e50dd9bac8cf597d6b890
generated: "2022-06-09T17:54:46.804857+02:00"
